
Microsoft Visual Studio Solution File, Format Version 12.00
# Visual Studio Version 16
VisualStudioVersion = 16.0.32002.261
MinimumVisualStudioVersion = 10.0.40219.1
Project("{9A19103F-16F7-4668-BE54-9A1E7A4F7556}") = "SQLServerUI", "SQLServerUI\SQLServerUI.csproj", "{FD57C7AE-CAE2-45F9-AC65-AC1FA060E033}"
EndProject
Project("{FAE04EC0-301F-11D3-BF4B-00C04F79EFBC}") = "DataAccessLibrary", "DataAccessLibrary\DataAccessLibrary.csproj", "{BB516237-BAAF-4B43-8570-466C81C7740F}"
EndProject
Project("{00D1A9C2-B5F0-4AF3-8072-F6C62B433612}") = "SQLContactsDB", "SQLContactsDB\SQLContactsDB.sqlproj", "{2492E949-E869-45F7-A85D-A1F150024BAC}"
EndProject
Global
	GlobalSection(SolutionConfigurationPlatforms) = preSolution
		Debug|Any CPU = Debug|Any CPU
		Release|Any CPU = Release|Any CPU
	EndGlobalSection
	GlobalSection(ProjectConfigurationPlatforms) = postSolution
		{FD57C7AE-CAE2-45F9-AC65-AC1FA060E033}.Debug|Any CPU.ActiveCfg = Debug|Any CPU
		{FD57C7AE-CAE2-45F9-AC65-AC1FA060E033}.Debug|Any CPU.Build.0 = Debug|Any CPU
		{FD57C7AE-CAE2-45F9-AC65-AC1FA060E033}.Release|Any CPU.ActiveCfg = Release|Any CPU
		{FD57C7AE-CAE2-45F9-AC65-AC1FA060E033}.Release|Any CPU.Build.0 = Release|Any CPU
		{BB516237-BAAF-4B43-8570-466C81C7740F}.Debug|Any CPU.ActiveCfg = Debug|Any CPU
		{BB516237-BAAF-4B43-8570-466C81C7740F}.Debug|Any CPU.Build.0 = Debug|Any CPU
		{BB516237-BAAF-4B43-8570-466C81C7740F}.Release|Any CPU.ActiveCfg = Release|Any CPU
		{BB516237-BAAF-4B43-8570-466C81C7740F}.Release|Any CPU.Build.0 = Release|Any CPU
		{2492E949-E869-45F7-A85D-A1F150024BAC}.Debug|Any CPU.ActiveCfg = Debug|Any CPU
		{2492E949-E869-45F7-A85D-A1F150024BAC}.Debug|Any CPU.Build.0 = Debug|Any CPU
		{2492E949-E869-45F7-A85D-A1F150024BAC}.Debug|Any CPU.Deploy.0 = Debug|Any CPU
		{2492E949-E869-45F7-A85D-A1F150024BAC}.Release|Any CPU.ActiveCfg = Release|Any CPU
		{2492E949-E869-45F7-A85D-A1F150024BAC}.Release|Any CPU.Build.0 = Release|Any CPU
		{2492E949-E869-45F7-A85D-A1F150024BAC}.Release|Any CPU.Deploy.0 = Release|Any CPU
	EndGlobalSection
	GlobalSection(SolutionProperties) = preSolution
		HideSolutionNode = FALSE
	EndGlobalSection
	GlobalSection(ExtensibilityGlobals) = postSolution
		SolutionGuid = {A7CE332D-28FD-41E7-ACCF-6377EE480F65}
	EndGlobalSection
EndGlobal
